// !$*UTF8*$!
{
	archiveVersion = 1;
	classes = {
	};
	objectVersion = 56;
	objects = {

/* Begin PBXBuildFile section */
		63E11FB82A3083AE00137678 /* AppDelegate.swift in Sources */ = {isa = PBXBuildFile; fileRef = 63E11FB72A3083AE00137678 /* AppDelegate.swift */; };
		63E11FBA2A3083AE00137678 /* SceneDelegate.swift in Sources */ = {isa = PBXBuildFile; fileRef = 63E11FB92A3083AE00137678 /* SceneDelegate.swift */; };
		63E11FBC2A3083AE00137678 /* RMGalleryCollectionViewController.swift in Sources */ = {isa = PBXBuildFile; fileRef = 63E11FBB2A3083AE00137678 /* RMGalleryCollectionViewController.swift */; };
		63E11FC12A3083B000137678 /* Assets.xcassets in Resources */ = {isa = PBXBuildFile; fileRef = 63E11FC02A3083B000137678 /* Assets.xcassets */; };
		63E11FC42A3083B000137678 /* LaunchScreen.storyboard in Resources */ = {isa = PBXBuildFile; fileRef = 63E11FC22A3083B000137678 /* LaunchScreen.storyboard */; };
		63E11FCF2A3083B000137678 /* RijksmuseumTests.swift in Sources */ = {isa = PBXBuildFile; fileRef = 63E11FCE2A3083B000137678 /* RijksmuseumTests.swift */; };
		63E11FD92A3083B000137678 /* RijksmuseumUITests.swift in Sources */ = {isa = PBXBuildFile; fileRef = 63E11FD82A3083B000137678 /* RijksmuseumUITests.swift */; };
		63E11FDB2A3083B000137678 /* RijksmuseumUITestsLaunchTests.swift in Sources */ = {isa = PBXBuildFile; fileRef = 63E11FDA2A3083B000137678 /* RijksmuseumUITestsLaunchTests.swift */; };
		63E11FE92A30894D00137678 /* SDWebImage in Frameworks */ = {isa = PBXBuildFile; productRef = 63E11FE82A30894D00137678 /* SDWebImage */; };
		63E11FEC2A30897200137678 /* SnapKit in Frameworks */ = {isa = PBXBuildFile; productRef = 63E11FEB2A30897200137678 /* SnapKit */; };
		63E11FEF2A309AA100137678 /* UICollor.swift in Sources */ = {isa = PBXBuildFile; fileRef = 63E11FEE2A309AA100137678 /* UICollor.swift */; };
		63E11FF42A30A08400137678 /* URLSession.swift in Sources */ = {isa = PBXBuildFile; fileRef = 63E11FF32A30A08400137678 /* URLSession.swift */; };
		63E11FF72A30A19500137678 /* BaseNetworkManager.swift in Sources */ = {isa = PBXBuildFile; fileRef = 63E11FF62A30A19500137678 /* BaseNetworkManager.swift */; };
		63E11FF92A30A1CE00137678 /* Endpoint.swift in Sources */ = {isa = PBXBuildFile; fileRef = 63E11FF82A30A1CE00137678 /* Endpoint.swift */; };
		63E11FFB2A30A5C500137678 /* ServiceLocator.swift in Sources */ = {isa = PBXBuildFile; fileRef = 63E11FFA2A30A5C500137678 /* ServiceLocator.swift */; };
		63E11FFE2A30A6AD00137678 /* Swinject in Frameworks */ = {isa = PBXBuildFile; productRef = 63E11FFD2A30A6AD00137678 /* Swinject */; };
		63E120012A30A6F000137678 /* SwinjectAutoregistration in Frameworks */ = {isa = PBXBuildFile; productRef = 63E120002A30A6F000137678 /* SwinjectAutoregistration */; };
		63E120042A30B31500137678 /* RMGalleryCollectionRouter.swift in Sources */ = {isa = PBXBuildFile; fileRef = 63E120032A30B31500137678 /* RMGalleryCollectionRouter.swift */; };
		63E120062A30B33900137678 /* RMGalleryCollectionInteractor.swift in Sources */ = {isa = PBXBuildFile; fileRef = 63E120052A30B33900137678 /* RMGalleryCollectionInteractor.swift */; };
		63E120082A30B3D500137678 /* RMGalleryCollectionPresenter.swift in Sources */ = {isa = PBXBuildFile; fileRef = 63E120072A30B3D500137678 /* RMGalleryCollectionPresenter.swift */; };
		63E1200C2A30B75C00137678 /* RMGalleryCollectionModel.swift in Sources */ = {isa = PBXBuildFile; fileRef = 63E1200B2A30B75C00137678 /* RMGalleryCollectionModel.swift */; };
		63E120102A30D09800137678 /* RMGalleryCollectionViewProtocol.swift in Sources */ = {isa = PBXBuildFile; fileRef = 63E1200F2A30D09800137678 /* RMGalleryCollectionViewProtocol.swift */; };
		63E120122A30D0BA00137678 /* RMGalleryCollectionRouterProtocol.swift in Sources */ = {isa = PBXBuildFile; fileRef = 63E120112A30D0BA00137678 /* RMGalleryCollectionRouterProtocol.swift */; };
		63E120142A30D21300137678 /* RMGalleryCollectionInteractorProtocol.swift in Sources */ = {isa = PBXBuildFile; fileRef = 63E120132A30D21300137678 /* RMGalleryCollectionInteractorProtocol.swift */; };
		63E120162A30D29000137678 /* RMGalleryCollectionPresenterProtocol.swift in Sources */ = {isa = PBXBuildFile; fileRef = 63E120152A30D29000137678 /* RMGalleryCollectionPresenterProtocol.swift */; };
		63E1201A2A30D4D200137678 /* RMGalleryCollectionFetchServiceProtocol.swift in Sources */ = {isa = PBXBuildFile; fileRef = 63E120192A30D4D200137678 /* RMGalleryCollectionFetchServiceProtocol.swift */; };
		63E1201C2A30D4EA00137678 /* RMGalleryCollectionFetchService.swift in Sources */ = {isa = PBXBuildFile; fileRef = 63E1201B2A30D4EA00137678 /* RMGalleryCollectionFetchService.swift */; };
		63E120202A30D75000137678 /* RMBaseRequest.swift in Sources */ = {isa = PBXBuildFile; fileRef = 63E1201F2A30D75000137678 /* RMBaseRequest.swift */; };
		63E120222A30D7AA00137678 /* ServiceLocatorProtocol.swift in Sources */ = {isa = PBXBuildFile; fileRef = 63E120212A30D7AA00137678 /* ServiceLocatorProtocol.swift */; };
		63E120272A30D8CA00137678 /* RMPaginationRequest.swift in Sources */ = {isa = PBXBuildFile; fileRef = 63E120262A30D8CA00137678 /* RMPaginationRequest.swift */; };
		63E1202A2A3105AC00137678 /* RMPaginationInteractorProtocol.swift in Sources */ = {isa = PBXBuildFile; fileRef = 63E120292A3105AC00137678 /* RMPaginationInteractorProtocol.swift */; };
		63E1202C2A31060000137678 /* RMPaginationPresenterProtocol.swift in Sources */ = {isa = PBXBuildFile; fileRef = 63E1202B2A31060000137678 /* RMPaginationPresenterProtocol.swift */; };
		63E1202E2A310DD300137678 /* RMPaginationInteractor.swift in Sources */ = {isa = PBXBuildFile; fileRef = 63E1202D2A310DD300137678 /* RMPaginationInteractor.swift */; };
		63E120302A31B72500137678 /* RMBaseNavigationController.swift in Sources */ = {isa = PBXBuildFile; fileRef = 63E1202F2A31B72500137678 /* RMBaseNavigationController.swift */; };
		63E120322A31BA1700137678 /* RMBaseViewController.swift in Sources */ = {isa = PBXBuildFile; fileRef = 63E120312A31BA1700137678 /* RMBaseViewController.swift */; };
		63E1203D2A3204A300137678 /* RMGalleryItemCell.swift in Sources */ = {isa = PBXBuildFile; fileRef = 63E1203C2A3204A300137678 /* RMGalleryItemCell.swift */; };
/* End PBXBuildFile section */

/* Begin PBXContainerItemProxy section */
		63E11FCB2A3083B000137678 /* PBXContainerItemProxy */ = {
			isa = PBXContainerItemProxy;
			containerPortal = 63E11FAC2A3083AE00137678 /* Project object */;
			proxyType = 1;
			remoteGlobalIDString = 63E11FB32A3083AE00137678;
			remoteInfo = Rijksmuseum;
		};
		63E11FD52A3083B000137678 /* PBXContainerItemProxy */ = {
			isa = PBXContainerItemProxy;
			containerPortal = 63E11FAC2A3083AE00137678 /* Project object */;
			proxyType = 1;
			remoteGlobalIDString = 63E11FB32A3083AE00137678;
			remoteInfo = Rijksmuseum;
		};
/* End PBXContainerItemProxy section */

/* Begin PBXFileReference section */
		63E11FB42A3083AE00137678 /* Rijksmuseum.app */ = {isa = PBXFileReference; explicitFileType = wrapper.application; includeInIndex = 0; path = Rijksmuseum.app; sourceTree = BUILT_PRODUCTS_DIR; };
		63E11FB72A3083AE00137678 /* AppDelegate.swift */ = {isa = PBXFileReference; lastKnownFileType = sourcecode.swift; path = AppDelegate.swift; sourceTree = "<group>"; };
		63E11FB92A3083AE00137678 /* SceneDelegate.swift */ = {isa = PBXFileReference; lastKnownFileType = sourcecode.swift; path = SceneDelegate.swift; sourceTree = "<group>"; };
		63E11FBB2A3083AE00137678 /* RMGalleryCollectionViewController.swift */ = {isa = PBXFileReference; lastKnownFileType = sourcecode.swift; path = RMGalleryCollectionViewController.swift; sourceTree = "<group>"; };
		63E11FC02A3083B000137678 /* Assets.xcassets */ = {isa = PBXFileReference; lastKnownFileType = folder.assetcatalog; path = Assets.xcassets; sourceTree = "<group>"; };
		63E11FC32A3083B000137678 /* Base */ = {isa = PBXFileReference; lastKnownFileType = file.storyboard; name = Base; path = Base.lproj/LaunchScreen.storyboard; sourceTree = "<group>"; };
		63E11FC52A3083B000137678 /* Info.plist */ = {isa = PBXFileReference; lastKnownFileType = text.plist.xml; path = Info.plist; sourceTree = "<group>"; };
		63E11FCA2A3083B000137678 /* RijksmuseumTests.xctest */ = {isa = PBXFileReference; explicitFileType = wrapper.cfbundle; includeInIndex = 0; path = RijksmuseumTests.xctest; sourceTree = BUILT_PRODUCTS_DIR; };
		63E11FCE2A3083B000137678 /* RijksmuseumTests.swift */ = {isa = PBXFileReference; lastKnownFileType = sourcecode.swift; path = RijksmuseumTests.swift; sourceTree = "<group>"; };
		63E11FD42A3083B000137678 /* RijksmuseumUITests.xctest */ = {isa = PBXFileReference; explicitFileType = wrapper.cfbundle; includeInIndex = 0; path = RijksmuseumUITests.xctest; sourceTree = BUILT_PRODUCTS_DIR; };
		63E11FD82A3083B000137678 /* RijksmuseumUITests.swift */ = {isa = PBXFileReference; lastKnownFileType = sourcecode.swift; path = RijksmuseumUITests.swift; sourceTree = "<group>"; };
		63E11FDA2A3083B000137678 /* RijksmuseumUITestsLaunchTests.swift */ = {isa = PBXFileReference; lastKnownFileType = sourcecode.swift; path = RijksmuseumUITestsLaunchTests.swift; sourceTree = "<group>"; };
		63E11FEE2A309AA100137678 /* UICollor.swift */ = {isa = PBXFileReference; lastKnownFileType = sourcecode.swift; path = UICollor.swift; sourceTree = "<group>"; };
		63E11FF32A30A08400137678 /* URLSession.swift */ = {isa = PBXFileReference; lastKnownFileType = sourcecode.swift; path = URLSession.swift; sourceTree = "<group>"; };
		63E11FF62A30A19500137678 /* BaseNetworkManager.swift */ = {isa = PBXFileReference; lastKnownFileType = sourcecode.swift; path = BaseNetworkManager.swift; sourceTree = "<group>"; };
		63E11FF82A30A1CE00137678 /* Endpoint.swift */ = {isa = PBXFileReference; lastKnownFileType = sourcecode.swift; path = Endpoint.swift; sourceTree = "<group>"; };
		63E11FFA2A30A5C500137678 /* ServiceLocator.swift */ = {isa = PBXFileReference; lastKnownFileType = sourcecode.swift; path = ServiceLocator.swift; sourceTree = "<group>"; };
		63E120032A30B31500137678 /* RMGalleryCollectionRouter.swift */ = {isa = PBXFileReference; lastKnownFileType = sourcecode.swift; path = RMGalleryCollectionRouter.swift; sourceTree = "<group>"; };
		63E120052A30B33900137678 /* RMGalleryCollectionInteractor.swift */ = {isa = PBXFileReference; lastKnownFileType = sourcecode.swift; path = RMGalleryCollectionInteractor.swift; sourceTree = "<group>"; };
		63E120072A30B3D500137678 /* RMGalleryCollectionPresenter.swift */ = {isa = PBXFileReference; lastKnownFileType = sourcecode.swift; path = RMGalleryCollectionPresenter.swift; sourceTree = "<group>"; };
		63E1200B2A30B75C00137678 /* RMGalleryCollectionModel.swift */ = {isa = PBXFileReference; lastKnownFileType = sourcecode.swift; path = RMGalleryCollectionModel.swift; sourceTree = "<group>"; };
		63E1200F2A30D09800137678 /* RMGalleryCollectionViewProtocol.swift */ = {isa = PBXFileReference; lastKnownFileType = sourcecode.swift; path = RMGalleryCollectionViewProtocol.swift; sourceTree = "<group>"; };
		63E120112A30D0BA00137678 /* RMGalleryCollectionRouterProtocol.swift */ = {isa = PBXFileReference; lastKnownFileType = sourcecode.swift; path = RMGalleryCollectionRouterProtocol.swift; sourceTree = "<group>"; };
		63E120132A30D21300137678 /* RMGalleryCollectionInteractorProtocol.swift */ = {isa = PBXFileReference; lastKnownFileType = sourcecode.swift; path = RMGalleryCollectionInteractorProtocol.swift; sourceTree = "<group>"; };
		63E120152A30D29000137678 /* RMGalleryCollectionPresenterProtocol.swift */ = {isa = PBXFileReference; lastKnownFileType = sourcecode.swift; path = RMGalleryCollectionPresenterProtocol.swift; sourceTree = "<group>"; };
		63E120192A30D4D200137678 /* RMGalleryCollectionFetchServiceProtocol.swift */ = {isa = PBXFileReference; lastKnownFileType = sourcecode.swift; path = RMGalleryCollectionFetchServiceProtocol.swift; sourceTree = "<group>"; };
		63E1201B2A30D4EA00137678 /* RMGalleryCollectionFetchService.swift */ = {isa = PBXFileReference; lastKnownFileType = sourcecode.swift; path = RMGalleryCollectionFetchService.swift; sourceTree = "<group>"; };
		63E1201F2A30D75000137678 /* RMBaseRequest.swift */ = {isa = PBXFileReference; lastKnownFileType = sourcecode.swift; path = RMBaseRequest.swift; sourceTree = "<group>"; };
		63E120212A30D7AA00137678 /* ServiceLocatorProtocol.swift */ = {isa = PBXFileReference; lastKnownFileType = sourcecode.swift; path = ServiceLocatorProtocol.swift; sourceTree = "<group>"; };
		63E120262A30D8CA00137678 /* RMPaginationRequest.swift */ = {isa = PBXFileReference; lastKnownFileType = sourcecode.swift; path = RMPaginationRequest.swift; sourceTree = "<group>"; };
		63E120292A3105AC00137678 /* RMPaginationInteractorProtocol.swift */ = {isa = PBXFileReference; lastKnownFileType = sourcecode.swift; path = RMPaginationInteractorProtocol.swift; sourceTree = "<group>"; };
		63E1202B2A31060000137678 /* RMPaginationPresenterProtocol.swift */ = {isa = PBXFileReference; lastKnownFileType = sourcecode.swift; path = RMPaginationPresenterProtocol.swift; sourceTree = "<group>"; };
		63E1202D2A310DD300137678 /* RMPaginationInteractor.swift */ = {isa = PBXFileReference; lastKnownFileType = sourcecode.swift; path = RMPaginationInteractor.swift; sourceTree = "<group>"; };
		63E1202F2A31B72500137678 /* RMBaseNavigationController.swift */ = {isa = PBXFileReference; lastKnownFileType = sourcecode.swift; path = RMBaseNavigationController.swift; sourceTree = "<group>"; };
		63E120312A31BA1700137678 /* RMBaseViewController.swift */ = {isa = PBXFileReference; lastKnownFileType = sourcecode.swift; path = RMBaseViewController.swift; sourceTree = "<group>"; };
		63E1203C2A3204A300137678 /* RMGalleryItemCell.swift */ = {isa = PBXFileReference; lastKnownFileType = sourcecode.swift; path = RMGalleryItemCell.swift; sourceTree = "<group>"; };
/* End PBXFileReference section */

/* Begin PBXFrameworksBuildPhase section */
		63E11FB12A3083AE00137678 /* Frameworks */ = {
			isa = PBXFrameworksBuildPhase;
			buildActionMask = 2147483647;
			files = (
				63E11FE92A30894D00137678 /* SDWebImage in Frameworks */,
				63E11FEC2A30897200137678 /* SnapKit in Frameworks */,
				63E11FFE2A30A6AD00137678 /* Swinject in Frameworks */,
				63E120012A30A6F000137678 /* SwinjectAutoregistration in Frameworks */,
			);
			runOnlyForDeploymentPostprocessing = 0;
		};
		63E11FC72A3083B000137678 /* Frameworks */ = {
			isa = PBXFrameworksBuildPhase;
			buildActionMask = 2147483647;
			files = (
			);
			runOnlyForDeploymentPostprocessing = 0;
		};
		63E11FD12A3083B000137678 /* Frameworks */ = {
			isa = PBXFrameworksBuildPhase;
			buildActionMask = 2147483647;
			files = (
			);
			runOnlyForDeploymentPostprocessing = 0;
		};
/* End PBXFrameworksBuildPhase section */

/* Begin PBXGroup section */
		63E11FAB2A3083AE00137678 = {
			isa = PBXGroup;
			children = (
				63E11FB62A3083AE00137678 /* Rijksmuseum */,
				63E11FCD2A3083B000137678 /* RijksmuseumTests */,
				63E11FD72A3083B000137678 /* RijksmuseumUITests */,
				63E11FB52A3083AE00137678 /* Products */,
			);
			sourceTree = "<group>";
		};
		63E11FB52A3083AE00137678 /* Products */ = {
			isa = PBXGroup;
			children = (
				63E11FB42A3083AE00137678 /* Rijksmuseum.app */,
				63E11FCA2A3083B000137678 /* RijksmuseumTests.xctest */,
				63E11FD42A3083B000137678 /* RijksmuseumUITests.xctest */,
			);
			name = Products;
			sourceTree = "<group>";
		};
		63E11FB62A3083AE00137678 /* Rijksmuseum */ = {
			isa = PBXGroup;
			children = (
				63E11FB72A3083AE00137678 /* AppDelegate.swift */,
				63E11FB92A3083AE00137678 /* SceneDelegate.swift */,
				63E11FF02A309FA000137678 /* Scenes */,
				63E11FF12A309FC200137678 /* Services */,
				63E11FF22A30A03400137678 /* Common */,
				63E11FED2A309A8100137678 /* Extensions */,
				63E11FC02A3083B000137678 /* Assets.xcassets */,
				63E11FC22A3083B000137678 /* LaunchScreen.storyboard */,
				63E11FC52A3083B000137678 /* Info.plist */,
			);
			path = Rijksmuseum;
			sourceTree = "<group>";
		};
		63E11FCD2A3083B000137678 /* RijksmuseumTests */ = {
			isa = PBXGroup;
			children = (
				63E11FCE2A3083B000137678 /* RijksmuseumTests.swift */,
			);
			path = RijksmuseumTests;
			sourceTree = "<group>";
		};
		63E11FD72A3083B000137678 /* RijksmuseumUITests */ = {
			isa = PBXGroup;
			children = (
				63E11FD82A3083B000137678 /* RijksmuseumUITests.swift */,
				63E11FDA2A3083B000137678 /* RijksmuseumUITestsLaunchTests.swift */,
			);
			path = RijksmuseumUITests;
			sourceTree = "<group>";
		};
		63E11FED2A309A8100137678 /* Extensions */ = {
			isa = PBXGroup;
			children = (
				63E11FEE2A309AA100137678 /* UICollor.swift */,
				63E11FF32A30A08400137678 /* URLSession.swift */,
			);
			path = Extensions;
			sourceTree = "<group>";
		};
		63E11FF02A309FA000137678 /* Scenes */ = {
			isa = PBXGroup;
			children = (
				63E120362A31FE7D00137678 /* RMGalleryItemDitail */,
				63E120022A30B2D900137678 /* GalleryCollection */,
			);
			path = Scenes;
			sourceTree = "<group>";
		};
		63E11FF12A309FC200137678 /* Services */ = {
			isa = PBXGroup;
			children = (
				63E120252A30D88B00137678 /* Requests */,
				63E120232A30D81700137678 /* Locator */,
				63E120242A30D84800137678 /* GalleryCollection */,
			);
			path = Services;
			sourceTree = "<group>";
		};
		63E11FF22A30A03400137678 /* Common */ = {
			isa = PBXGroup;
			children = (
				63E1202F2A31B72500137678 /* RMBaseNavigationController.swift */,
				63E120312A31BA1700137678 /* RMBaseViewController.swift */,
				63E120282A31056300137678 /* Pagination */,
				63E11FF52A30A16300137678 /* Networking */,
			);
			path = Common;
			sourceTree = "<group>";
		};
		63E11FF52A30A16300137678 /* Networking */ = {
			isa = PBXGroup;
			children = (
				63E11FF62A30A19500137678 /* BaseNetworkManager.swift */,
				63E11FF82A30A1CE00137678 /* Endpoint.swift */,
			);
			path = Networking;
			sourceTree = "<group>";
		};
		63E120022A30B2D900137678 /* GalleryCollection */ = {
			isa = PBXGroup;
			children = (
				63E1200E2A30D01200137678 /* Implementation */,
				63E1200D2A30D00800137678 /* Interface */,
			);
			path = GalleryCollection;
			sourceTree = "<group>";
		};
		63E1200D2A30D00800137678 /* Interface */ = {
			isa = PBXGroup;
			children = (
				63E1200F2A30D09800137678 /* RMGalleryCollectionViewProtocol.swift */,
				63E120112A30D0BA00137678 /* RMGalleryCollectionRouterProtocol.swift */,
				63E120132A30D21300137678 /* RMGalleryCollectionInteractorProtocol.swift */,
				63E120152A30D29000137678 /* RMGalleryCollectionPresenterProtocol.swift */,
			);
			path = Interface;
			sourceTree = "<group>";
		};
		63E1200E2A30D01200137678 /* Implementation */ = {
			isa = PBXGroup;
			children = (
				63E1203C2A3204A300137678 /* RMGalleryItemCell.swift */,
				63E11FBB2A3083AE00137678 /* RMGalleryCollectionViewController.swift */,
				63E120032A30B31500137678 /* RMGalleryCollectionRouter.swift */,
				63E120052A30B33900137678 /* RMGalleryCollectionInteractor.swift */,
				63E120072A30B3D500137678 /* RMGalleryCollectionPresenter.swift */,
				63E1200B2A30B75C00137678 /* RMGalleryCollectionModel.swift */,
			);
			path = Implementation;
			sourceTree = "<group>";
		};
		63E120172A30D3B800137678 /* Interface */ = {
			isa = PBXGroup;
			children = (
				63E120192A30D4D200137678 /* RMGalleryCollectionFetchServiceProtocol.swift */,
			);
			path = Interface;
			sourceTree = "<group>";
		};
		63E120182A30D3C900137678 /* Implementation */ = {
			isa = PBXGroup;
			children = (
				63E1201B2A30D4EA00137678 /* RMGalleryCollectionFetchService.swift */,
			);
			path = Implementation;
			sourceTree = "<group>";
		};
		63E120232A30D81700137678 /* Locator */ = {
			isa = PBXGroup;
			children = (
				63E11FFA2A30A5C500137678 /* ServiceLocator.swift */,
				63E120212A30D7AA00137678 /* ServiceLocatorProtocol.swift */,
			);
			path = Locator;
			sourceTree = "<group>";
		};
		63E120242A30D84800137678 /* GalleryCollection */ = {
			isa = PBXGroup;
			children = (
				63E120172A30D3B800137678 /* Interface */,
				63E120182A30D3C900137678 /* Implementation */,
			);
			path = GalleryCollection;
			sourceTree = "<group>";
		};
		63E120252A30D88B00137678 /* Requests */ = {
			isa = PBXGroup;
			children = (
				63E1201F2A30D75000137678 /* RMBaseRequest.swift */,
				63E120262A30D8CA00137678 /* RMPaginationRequest.swift */,
			);
			path = Requests;
			sourceTree = "<group>";
		};
		63E120282A31056300137678 /* Pagination */ = {
			isa = PBXGroup;
			children = (
				63E120292A3105AC00137678 /* RMPaginationInteractorProtocol.swift */,
				63E1202B2A31060000137678 /* RMPaginationPresenterProtocol.swift */,
				63E1202D2A310DD300137678 /* RMPaginationInteractor.swift */,
			);
			path = Pagination;
			sourceTree = "<group>";
		};
		63E120362A31FE7D00137678 /* RMGalleryItemDitail */ = {
			isa = PBXGroup;
			children = (
				63E120382A31FEB800137678 /* Implementation */,
				63E120372A31FEB000137678 /* Interface */,
			);
			path = RMGalleryItemDitail;
			sourceTree = "<group>";
		};
		63E120372A31FEB000137678 /* Interface */ = {
			isa = PBXGroup;
			children = (
			);
			path = Interface;
			sourceTree = "<group>";
		};
		63E120382A31FEB800137678 /* Implementation */ = {
			isa = PBXGroup;
			children = (
			);
			path = Implementation;
			sourceTree = "<group>";
		};
/* End PBXGroup section */

/* Begin PBXNativeTarget section */
		63E11FB32A3083AE00137678 /* Rijksmuseum */ = {
			isa = PBXNativeTarget;
			buildConfigurationList = 63E11FDE2A3083B000137678 /* Build configuration list for PBXNativeTarget "Rijksmuseum" */;
			buildPhases = (
				63E11FB02A3083AE00137678 /* Sources */,
				63E11FB12A3083AE00137678 /* Frameworks */,
				63E11FB22A3083AE00137678 /* Resources */,
			);
			buildRules = (
			);
			dependencies = (
			);
			name = Rijksmuseum;
			packageProductDependencies = (
				63E11FE82A30894D00137678 /* SDWebImage */,
				63E11FEB2A30897200137678 /* SnapKit */,
				63E11FFD2A30A6AD00137678 /* Swinject */,
				63E120002A30A6F000137678 /* SwinjectAutoregistration */,
			);
			productName = Rijksmuseum;
			productReference = 63E11FB42A3083AE00137678 /* Rijksmuseum.app */;
			productType = "com.apple.product-type.application";
		};
		63E11FC92A3083B000137678 /* RijksmuseumTests */ = {
			isa = PBXNativeTarget;
			buildConfigurationList = 63E11FE12A3083B000137678 /* Build configuration list for PBXNativeTarget "RijksmuseumTests" */;
			buildPhases = (
				63E11FC62A3083B000137678 /* Sources */,
				63E11FC72A3083B000137678 /* Frameworks */,
				63E11FC82A3083B000137678 /* Resources */,
			);
			buildRules = (
			);
			dependencies = (
				63E11FCC2A3083B000137678 /* PBXTargetDependency */,
			);
			name = RijksmuseumTests;
			productName = RijksmuseumTests;
			productReference = 63E11FCA2A3083B000137678 /* RijksmuseumTests.xctest */;
			productType = "com.apple.product-type.bundle.unit-test";
		};
		63E11FD32A3083B000137678 /* RijksmuseumUITests */ = {
			isa = PBXNativeTarget;
			buildConfigurationList = 63E11FE42A3083B000137678 /* Build configuration list for PBXNativeTarget "RijksmuseumUITests" */;
			buildPhases = (
				63E11FD02A3083B000137678 /* Sources */,
				63E11FD12A3083B000137678 /* Frameworks */,
				63E11FD22A3083B000137678 /* Resources */,
			);
			buildRules = (
			);
			dependencies = (
				63E11FD62A3083B000137678 /* PBXTargetDependency */,
			);
			name = RijksmuseumUITests;
			productName = RijksmuseumUITests;
			productReference = 63E11FD42A3083B000137678 /* RijksmuseumUITests.xctest */;
			productType = "com.apple.product-type.bundle.ui-testing";
		};
/* End PBXNativeTarget section */

/* Begin PBXProject section */
		63E11FAC2A3083AE00137678 /* Project object */ = {
			isa = PBXProject;
			attributes = {
				BuildIndependentTargetsInParallel = 1;
				LastSwiftUpdateCheck = 1430;
				LastUpgradeCheck = 1430;
				TargetAttributes = {
					63E11FB32A3083AE00137678 = {
						CreatedOnToolsVersion = 14.3;
					};
					63E11FC92A3083B000137678 = {
						CreatedOnToolsVersion = 14.3;
						TestTargetID = 63E11FB32A3083AE00137678;
					};
					63E11FD32A3083B000137678 = {
						CreatedOnToolsVersion = 14.3;
						TestTargetID = 63E11FB32A3083AE00137678;
					};
				};
			};
			buildConfigurationList = 63E11FAF2A3083AE00137678 /* Build configuration list for PBXProject "Rijksmuseum" */;
			compatibilityVersion = "Xcode 14.0";
			developmentRegion = en;
			hasScannedForEncodings = 0;
			knownRegions = (
				en,
				Base,
			);
			mainGroup = 63E11FAB2A3083AE00137678;
			packageReferences = (
				63E11FE72A30894D00137678 /* XCRemoteSwiftPackageReference "SDWebImage" */,
				63E11FEA2A30897200137678 /* XCRemoteSwiftPackageReference "SnapKit" */,
				63E11FFC2A30A6AD00137678 /* XCRemoteSwiftPackageReference "Swinject" */,
				63E11FFF2A30A6F000137678 /* XCRemoteSwiftPackageReference "SwinjectAutoregistration" */,
			);
			productRefGroup = 63E11FB52A3083AE00137678 /* Products */;
			projectDirPath = "";
			projectRoot = "";
			targets = (
				63E11FB32A3083AE00137678 /* Rijksmuseum */,
				63E11FC92A3083B000137678 /* RijksmuseumTests */,
				63E11FD32A3083B000137678 /* RijksmuseumUITests */,
			);
		};
/* End PBXProject section */

/* Begin PBXResourcesBuildPhase section */
		63E11FB22A3083AE00137678 /* Resources */ = {
			isa = PBXResourcesBuildPhase;
			buildActionMask = 2147483647;
			files = (
				63E11FC42A3083B000137678 /* LaunchScreen.storyboard in Resources */,
				63E11FC12A3083B000137678 /* Assets.xcassets in Resources */,
			);
			runOnlyForDeploymentPostprocessing = 0;
		};
		63E11FC82A3083B000137678 /* Resources */ = {
			isa = PBXResourcesBuildPhase;
			buildActionMask = 2147483647;
			files = (
			);
			runOnlyForDeploymentPostprocessing = 0;
		};
		63E11FD22A3083B000137678 /* Resources */ = {
			isa = PBXResourcesBuildPhase;
			buildActionMask = 2147483647;
			files = (
			);
			runOnlyForDeploymentPostprocessing = 0;
		};
/* End PBXResourcesBuildPhase section */

/* Begin PBXSourcesBuildPhase section */
		63E11FB02A3083AE00137678 /* Sources */ = {
			isa = PBXSourcesBuildPhase;
			buildActionMask = 2147483647;
			files = (
				63E11FF92A30A1CE00137678 /* Endpoint.swift in Sources */,
				63E11FBC2A3083AE00137678 /* RMGalleryCollectionViewController.swift in Sources */,
				63E120102A30D09800137678 /* RMGalleryCollectionViewProtocol.swift in Sources */,
				63E11FF72A30A19500137678 /* BaseNetworkManager.swift in Sources */,
				63E11FB82A3083AE00137678 /* AppDelegate.swift in Sources */,
				63E120042A30B31500137678 /* RMGalleryCollectionRouter.swift in Sources */,
				63E11FFB2A30A5C500137678 /* ServiceLocator.swift in Sources */,
				63E11FF42A30A08400137678 /* URLSession.swift in Sources */,
				63E120142A30D21300137678 /* RMGalleryCollectionInteractorProtocol.swift in Sources */,
				63E120202A30D75000137678 /* RMBaseRequest.swift in Sources */,
				63E120302A31B72500137678 /* RMBaseNavigationController.swift in Sources */,
				63E120222A30D7AA00137678 /* ServiceLocatorProtocol.swift in Sources */,
				63E120122A30D0BA00137678 /* RMGalleryCollectionRouterProtocol.swift in Sources */,
				63E120272A30D8CA00137678 /* RMPaginationRequest.swift in Sources */,
				63E120162A30D29000137678 /* RMGalleryCollectionPresenterProtocol.swift in Sources */,
				63E11FEF2A309AA100137678 /* UICollor.swift in Sources */,
				63E120322A31BA1700137678 /* RMBaseViewController.swift in Sources */,
				63E1202A2A3105AC00137678 /* RMPaginationInteractorProtocol.swift in Sources */,
				63E1201C2A30D4EA00137678 /* RMGalleryCollectionFetchService.swift in Sources */,
				63E1201A2A30D4D200137678 /* RMGalleryCollectionFetchServiceProtocol.swift in Sources */,
				63E1202C2A31060000137678 /* RMPaginationPresenterProtocol.swift in Sources */,
				63E1202E2A310DD300137678 /* RMPaginationInteractor.swift in Sources */,
				63E1200C2A30B75C00137678 /* RMGalleryCollectionModel.swift in Sources */,
				63E1203D2A3204A300137678 /* RMGalleryItemCell.swift in Sources */,
				63E120062A30B33900137678 /* RMGalleryCollectionInteractor.swift in Sources */,
				63E11FBA2A3083AE00137678 /* SceneDelegate.swift in Sources */,
				63E120082A30B3D500137678 /* RMGalleryCollectionPresenter.swift in Sources */,
			);
			runOnlyForDeploymentPostprocessing = 0;
		};
		63E11FC62A3083B000137678 /* Sources */ = {
			isa = PBXSourcesBuildPhase;
			buildActionMask = 2147483647;
			files = (
				63E11FCF2A3083B000137678 /* RijksmuseumTests.swift in Sources */,
			);
			runOnlyForDeploymentPostprocessing = 0;
		};
		63E11FD02A3083B000137678 /* Sources */ = {
			isa = PBXSourcesBuildPhase;
			buildActionMask = 2147483647;
			files = (
				63E11FDB2A3083B000137678 /* RijksmuseumUITestsLaunchTests.swift in Sources */,
				63E11FD92A3083B000137678 /* RijksmuseumUITests.swift in Sources */,
			);
			runOnlyForDeploymentPostprocessing = 0;
		};
/* End PBXSourcesBuildPhase section */

/* Begin PBXTargetDependency section */
		63E11FCC2A3083B000137678 /* PBXTargetDependency */ = {
			isa = PBXTargetDependency;
			target = 63E11FB32A3083AE00137678 /* Rijksmuseum */;
			targetProxy = 63E11FCB2A3083B000137678 /* PBXContainerItemProxy */;
		};
		63E11FD62A3083B000137678 /* PBXTargetDependency */ = {
			isa = PBXTargetDependency;
			target = 63E11FB32A3083AE00137678 /* Rijksmuseum */;
			targetProxy = 63E11FD52A3083B000137678 /* PBXContainerItemProxy */;
		};
/* End PBXTargetDependency section */

/* Begin PBXVariantGroup section */
		63E11FC22A3083B000137678 /* LaunchScreen.storyboard */ = {
			isa = PBXVariantGroup;
			children = (
				63E11FC32A3083B000137678 /* Base */,
			);
			name = LaunchScreen.storyboard;
			sourceTree = "<group>";
		};
/* End PBXVariantGroup section */

/* Begin XCBuildConfiguration section */
		63E11FDC2A3083B000137678 /* Debug */ = {
			isa = XCBuildConfiguration;
			buildSettings = {
				ALWAYS_SEARCH_USER_PATHS = NO;
				CLANG_ANALYZER_NONNULL = YES;
				CLANG_ANALYZER_NUMBER_OBJECT_CONVERSION = YES_AGGRESSIVE;
				CLANG_CXX_LANGUAGE_STANDARD = "gnu++20";
				CLANG_ENABLE_MODULES = YES;
				CLANG_ENABLE_OBJC_ARC = YES;
				CLANG_ENABLE_OBJC_WEAK = YES;
				CLANG_WARN_BLOCK_CAPTURE_AUTORELEASING = YES;
				CLANG_WARN_BOOL_CONVERSION = YES;
				CLANG_WARN_COMMA = YES;
				CLANG_WARN_CONSTANT_CONVERSION = YES;
				CLANG_WARN_DEPRECATED_OBJC_IMPLEMENTATIONS = YES;
				CLANG_WARN_DIRECT_OBJC_ISA_USAGE = YES_ERROR;
				CLANG_WARN_DOCUMENTATION_COMMENTS = YES;
				CLANG_WARN_EMPTY_BODY = YES;
				CLANG_WARN_ENUM_CONVERSION = YES;
				CLANG_WARN_INFINITE_RECURSION = YES;
				CLANG_WARN_INT_CONVERSION = YES;
				CLANG_WARN_NON_LITERAL_NULL_CONVERSION = YES;
				CLANG_WARN_OBJC_IMPLICIT_RETAIN_SELF = YES;
				CLANG_WARN_OBJC_LITERAL_CONVERSION = YES;
				CLANG_WARN_OBJC_ROOT_CLASS = YES_ERROR;
				CLANG_WARN_QUOTED_INCLUDE_IN_FRAMEWORK_HEADER = YES;
				CLANG_WARN_RANGE_LOOP_ANALYSIS = YES;
				CLANG_WARN_STRICT_PROTOTYPES = YES;
				CLANG_WARN_SUSPICIOUS_MOVE = YES;
				CLANG_WARN_UNGUARDED_AVAILABILITY = YES_AGGRESSIVE;
				CLANG_WARN_UNREACHABLE_CODE = YES;
				CLANG_WARN__DUPLICATE_METHOD_MATCH = YES;
				COPY_PHASE_STRIP = NO;
				DEBUG_INFORMATION_FORMAT = dwarf;
				ENABLE_STRICT_OBJC_MSGSEND = YES;
				ENABLE_TESTABILITY = YES;
				GCC_C_LANGUAGE_STANDARD = gnu11;
				GCC_DYNAMIC_NO_PIC = NO;
				GCC_NO_COMMON_BLOCKS = YES;
				GCC_OPTIMIZATION_LEVEL = 0;
				GCC_PREPROCESSOR_DEFINITIONS = (
					"DEBUG=1",
					"$(inherited)",
				);
				GCC_WARN_64_TO_32_BIT_CONVERSION = YES;
				GCC_WARN_ABOUT_RETURN_TYPE = YES_ERROR;
				GCC_WARN_UNDECLARED_SELECTOR = YES;
				GCC_WARN_UNINITIALIZED_AUTOS = YES_AGGRESSIVE;
				GCC_WARN_UNUSED_FUNCTION = YES;
				GCC_WARN_UNUSED_VARIABLE = YES;
				IPHONEOS_DEPLOYMENT_TARGET = 16.4;
				MTL_ENABLE_DEBUG_INFO = INCLUDE_SOURCE;
				MTL_FAST_MATH = YES;
				ONLY_ACTIVE_ARCH = YES;
				SDKROOT = iphoneos;
				SWIFT_ACTIVE_COMPILATION_CONDITIONS = DEBUG;
				SWIFT_OPTIMIZATION_LEVEL = "-Onone";
			};
			name = Debug;
		};
		63E11FDD2A3083B000137678 /* Release */ = {
			isa = XCBuildConfiguration;
			buildSettings = {
				ALWAYS_SEARCH_USER_PATHS = NO;
				CLANG_ANALYZER_NONNULL = YES;
				CLANG_ANALYZER_NUMBER_OBJECT_CONVERSION = YES_AGGRESSIVE;
				CLANG_CXX_LANGUAGE_STANDARD = "gnu++20";
				CLANG_ENABLE_MODULES = YES;
				CLANG_ENABLE_OBJC_ARC = YES;
				CLANG_ENABLE_OBJC_WEAK = YES;
				CLANG_WARN_BLOCK_CAPTURE_AUTORELEASING = YES;
				CLANG_WARN_BOOL_CONVERSION = YES;
				CLANG_WARN_COMMA = YES;
				CLANG_WARN_CONSTANT_CONVERSION = YES;
				CLANG_WARN_DEPRECATED_OBJC_IMPLEMENTATIONS = YES;
				CLANG_WARN_DIRECT_OBJC_ISA_USAGE = YES_ERROR;
				CLANG_WARN_DOCUMENTATION_COMMENTS = YES;
				CLANG_WARN_EMPTY_BODY = YES;
				CLANG_WARN_ENUM_CONVERSION = YES;
				CLANG_WARN_INFINITE_RECURSION = YES;
				CLANG_WARN_INT_CONVERSION = YES;
				CLANG_WARN_NON_LITERAL_NULL_CONVERSION = YES;
				CLANG_WARN_OBJC_IMPLICIT_RETAIN_SELF = YES;
				CLANG_WARN_OBJC_LITERAL_CONVERSION = YES;
				CLANG_WARN_OBJC_ROOT_CLASS = YES_ERROR;
				CLANG_WARN_QUOTED_INCLUDE_IN_FRAMEWORK_HEADER = YES;
				CLANG_WARN_RANGE_LOOP_ANALYSIS = YES;
				CLANG_WARN_STRICT_PROTOTYPES = YES;
				CLANG_WARN_SUSPICIOUS_MOVE = YES;
				CLANG_WARN_UNGUARDED_AVAILABILITY = YES_AGGRESSIVE;
				CLANG_WARN_UNREACHABLE_CODE = YES;
				CLANG_WARN__DUPLICATE_METHOD_MATCH = YES;
				COPY_PHASE_STRIP = NO;
				DEBUG_INFORMATION_FORMAT = "dwarf-with-dsym";
				ENABLE_NS_ASSERTIONS = NO;
				ENABLE_STRICT_OBJC_MSGSEND = YES;
				GCC_C_LANGUAGE_STANDARD = gnu11;
				GCC_NO_COMMON_BLOCKS = YES;
				GCC_WARN_64_TO_32_BIT_CONVERSION = YES;
				GCC_WARN_ABOUT_RETURN_TYPE = YES_ERROR;
				GCC_WARN_UNDECLARED_SELECTOR = YES;
				GCC_WARN_UNINITIALIZED_AUTOS = YES_AGGRESSIVE;
				GCC_WARN_UNUSED_FUNCTION = YES;
				GCC_WARN_UNUSED_VARIABLE = YES;
				IPHONEOS_DEPLOYMENT_TARGET = 16.4;
				MTL_ENABLE_DEBUG_INFO = NO;
				MTL_FAST_MATH = YES;
				SDKROOT = iphoneos;
				SWIFT_COMPILATION_MODE = wholemodule;
				SWIFT_OPTIMIZATION_LEVEL = "-O";
				VALIDATE_PRODUCT = YES;
			};
			name = Release;
		};
		63E11FDF2A3083B000137678 /* Debug */ = {
			isa = XCBuildConfiguration;
			buildSettings = {
				ASSETCATALOG_COMPILER_APPICON_NAME = AppIcon;
				ASSETCATALOG_COMPILER_GLOBAL_ACCENT_COLOR_NAME = AccentColor;
				CODE_SIGN_STYLE = Automatic;
				CURRENT_PROJECT_VERSION = 1;
				GENERATE_INFOPLIST_FILE = YES;
				INFOPLIST_FILE = Rijksmuseum/Info.plist;
				INFOPLIST_KEY_UIApplicationSupportsIndirectInputEvents = YES;
				INFOPLIST_KEY_UILaunchStoryboardName = LaunchScreen;
				INFOPLIST_KEY_UISupportedInterfaceOrientations_iPad = "UIInterfaceOrientationPortrait UIInterfaceOrientationPortraitUpsideDown UIInterfaceOrientationLandscapeLeft UIInterfaceOrientationLandscapeRight";
				INFOPLIST_KEY_UISupportedInterfaceOrientations_iPhone = "UIInterfaceOrientationPortrait UIInterfaceOrientationLandscapeLeft UIInterfaceOrientationLandscapeRight";
				IPHONEOS_DEPLOYMENT_TARGET = 14.2;
				LD_RUNPATH_SEARCH_PATHS = (
					"$(inherited)",
					"@executable_path/Frameworks",
				);
				MARKETING_VERSION = 1.0;
				PRODUCT_BUNDLE_IDENTIFIER = StepGor.Rijksmuseum;
				PRODUCT_NAME = "$(TARGET_NAME)";
				SUPPORTED_PLATFORMS = "iphoneos iphonesimulator";
				SUPPORTS_MACCATALYST = NO;
				SUPPORTS_MAC_DESIGNED_FOR_IPHONE_IPAD = NO;
				SWIFT_EMIT_LOC_STRINGS = YES;
				SWIFT_VERSION = 5.0;
				TARGETED_DEVICE_FAMILY = "1,2";
			};
			name = Debug;
		};
		63E11FE02A3083B000137678 /* Release */ = {
			isa = XCBuildConfiguration;
			buildSettings = {
				ASSETCATALOG_COMPILER_APPICON_NAME = AppIcon;
				ASSETCATALOG_COMPILER_GLOBAL_ACCENT_COLOR_NAME = AccentColor;
				CODE_SIGN_STYLE = Automatic;
				CURRENT_PROJECT_VERSION = 1;
				GENERATE_INFOPLIST_FILE = YES;
				INFOPLIST_FILE = Rijksmuseum/Info.plist;
				INFOPLIST_KEY_UIApplicationSupportsIndirectInputEvents = YES;
				INFOPLIST_KEY_UILaunchStoryboardName = LaunchScreen;
				INFOPLIST_KEY_UISupportedInterfaceOrientations_iPad = "UIInterfaceOrientationPortrait UIInterfaceOrientationPortraitUpsideDown UIInterfaceOrientationLandscapeLeft UIInterfaceOrientationLandscapeRight";
				INFOPLIST_KEY_UISupportedInterfaceOrientations_iPhone = "UIInterfaceOrientationPortrait UIInterfaceOrientationLandscapeLeft UIInterfaceOrientationLandscapeRight";
				IPHONEOS_DEPLOYMENT_TARGET = 14.2;
				LD_RUNPATH_SEARCH_PATHS = (
					"$(inherited)",
					"@executable_path/Frameworks",
				);
				MARKETING_VERSION = 1.0;
				PRODUCT_BUNDLE_IDENTIFIER = StepGor.Rijksmuseum;
				PRODUCT_NAME = "$(TARGET_NAME)";
				SUPPORTED_PLATFORMS = "iphoneos iphonesimulator";
				SUPPORTS_MACCATALYST = NO;
				SUPPORTS_MAC_DESIGNED_FOR_IPHONE_IPAD = NO;
				SWIFT_EMIT_LOC_STRINGS = YES;
				SWIFT_VERSION = 5.0;
				TARGETED_DEVICE_FAMILY = "1,2";
			};
			name = Release;
		};
		63E11FE22A3083B000137678 /* Debug */ = {
			isa = XCBuildConfiguration;
			buildSettings = {
				ALWAYS_EMBED_SWIFT_STANDARD_LIBRARIES = YES;
				BUNDLE_LOADER = "$(TEST_HOST)";
				CODE_SIGN_STYLE = Automatic;
				CURRENT_PROJECT_VERSION = 1;
				GENERATE_INFOPLIST_FILE = YES;
				IPHONEOS_DEPLOYMENT_TARGET = 16.4;
				MARKETING_VERSION = 1.0;
				PRODUCT_BUNDLE_IDENTIFIER = StepGor.RijksmuseumTests;
				PRODUCT_NAME = "$(TARGET_NAME)";
				SWIFT_EMIT_LOC_STRINGS = NO;
				SWIFT_VERSION = 5.0;
				TARGETED_DEVICE_FAMILY = "1,2";
				TEST_HOST = "$(BUILT_PRODUCTS_DIR)/Rijksmuseum.app/$(BUNDLE_EXECUTABLE_FOLDER_PATH)/Rijksmuseum";
			};
			name = Debug;
		};
		63E11FE32A3083B000137678 /* Release */ = {
			isa = XCBuildConfiguration;
			buildSettings = {
				ALWAYS_EMBED_SWIFT_STANDARD_LIBRARIES = YES;
				BUNDLE_LOADER = "$(TEST_HOST)";
				CODE_SIGN_STYLE = Automatic;
				CURRENT_PROJECT_VERSION = 1;
				GENERATE_INFOPLIST_FILE = YES;
				IPHONEOS_DEPLOYMENT_TARGET = 16.4;
				MARKETING_VERSION = 1.0;
				PRODUCT_BUNDLE_IDENTIFIER = StepGor.RijksmuseumTests;
				PRODUCT_NAME = "$(TARGET_NAME)";
				SWIFT_EMIT_LOC_STRINGS = NO;
				SWIFT_VERSION = 5.0;
				TARGETED_DEVICE_FAMILY = "1,2";
				TEST_HOST = "$(BUILT_PRODUCTS_DIR)/Rijksmuseum.app/$(BUNDLE_EXECUTABLE_FOLDER_PATH)/Rijksmuseum";
			};
			name = Release;
		};
		63E11FE52A3083B000137678 /* Debug */ = {
			isa = XCBuildConfiguration;
			buildSettings = {
				ALWAYS_EMBED_SWIFT_STANDARD_LIBRARIES = YES;
				CODE_SIGN_STYLE = Automatic;
				CURRENT_PROJECT_VERSION = 1;
				GENERATE_INFOPLIST_FILE = YES;
				MARKETING_VERSION = 1.0;
				PRODUCT_BUNDLE_IDENTIFIER = StepGor.RijksmuseumUITests;
				PRODUCT_NAME = "$(TARGET_NAME)";
				SWIFT_EMIT_LOC_STRINGS = NO;
				SWIFT_VERSION = 5.0;
				TARGETED_DEVICE_FAMILY = "1,2";
				TEST_TARGET_NAME = Rijksmuseum;
			};
			name = Debug;
		};
		63E11FE62A3083B000137678 /* Release */ = {
			isa = XCBuildConfiguration;
			buildSettings = {
				ALWAYS_EMBED_SWIFT_STANDARD_LIBRARIES = YES;
				CODE_SIGN_STYLE = Automatic;
				CURRENT_PROJECT_VERSION = 1;
				GENERATE_INFOPLIST_FILE = YES;
				MARKETING_VERSION = 1.0;
				PRODUCT_BUNDLE_IDENTIFIER = StepGor.RijksmuseumUITests;
				PRODUCT_NAME = "$(TARGET_NAME)";
				SWIFT_EMIT_LOC_STRINGS = NO;
				SWIFT_VERSION = 5.0;
				TARGETED_DEVICE_FAMILY = "1,2";
				TEST_TARGET_NAME = Rijksmuseum;
			};
			name = Release;
		};
/* End XCBuildConfiguration section */

/* Begin XCConfigurationList section */
		63E11FAF2A3083AE00137678 /* Build configuration list for PBXProject "Rijksmuseum" */ = {
			isa = XCConfigurationList;
			buildConfigurations = (
				63E11FDC2A3083B000137678 /* Debug */,
				63E11FDD2A3083B000137678 /* Release */,
			);
			defaultConfigurationIsVisible = 0;
			defaultConfigurationName = Release;
		};
		63E11FDE2A3083B000137678 /* Build configuration list for PBXNativeTarget "Rijksmuseum" */ = {
			isa = XCConfigurationList;
			buildConfigurations = (
				63E11FDF2A3083B000137678 /* Debug */,
				63E11FE02A3083B000137678 /* Release */,
			);
			defaultConfigurationIsVisible = 0;
			defaultConfigurationName = Release;
		};
		63E11FE12A3083B000137678 /* Build configuration list for PBXNativeTarget "RijksmuseumTests" */ = {
			isa = XCConfigurationList;
			buildConfigurations = (
				63E11FE22A3083B000137678 /* Debug */,
				63E11FE32A3083B000137678 /* Release */,
			);
			defaultConfigurationIsVisible = 0;
			defaultConfigurationName = Release;
		};
		63E11FE42A3083B000137678 /* Build configuration list for PBXNativeTarget "RijksmuseumUITests" */ = {
			isa = XCConfigurationList;
			buildConfigurations = (
				63E11FE52A3083B000137678 /* Debug */,
				63E11FE62A3083B000137678 /* Release */,
			);
			defaultConfigurationIsVisible = 0;
			defaultConfigurationName = Release;
		};
/* End XCConfigurationList section */

/* Begin XCRemoteSwiftPackageReference section */
		63E11FE72A30894D00137678 /* XCRemoteSwiftPackageReference "SDWebImage" */ = {
			isa = XCRemoteSwiftPackageReference;
			repositoryURL = "https://github.com/SDWebImage/SDWebImage";
			requirement = {
				kind = upToNextMajorVersion;
				minimumVersion = 5.0.0;
			};
		};
		63E11FEA2A30897200137678 /* XCRemoteSwiftPackageReference "SnapKit" */ = {
			isa = XCRemoteSwiftPackageReference;
			repositoryURL = "https://github.com/SnapKit/SnapKit";
			requirement = {
				kind = upToNextMajorVersion;
				minimumVersion = 5.0.0;
			};
		};
		63E11FFC2A30A6AD00137678 /* XCRemoteSwiftPackageReference "Swinject" */ = {
			isa = XCRemoteSwiftPackageReference;
			repositoryURL = "https://github.com/Swinject/Swinject";
			requirement = {
				kind = upToNextMajorVersion;
				minimumVersion = 2.0.0;
			};
		};
		63E11FFF2A30A6F000137678 /* XCRemoteSwiftPackageReference "SwinjectAutoregistration" */ = {
			isa = XCRemoteSwiftPackageReference;
			repositoryURL = "https://github.com/Swinject/SwinjectAutoregistration";
			requirement = {
				kind = upToNextMajorVersion;
				minimumVersion = 2.0.0;
			};
		};
/* End XCRemoteSwiftPackageReference section */

/* Begin XCSwiftPackageProductDependency section */
		63E11FE82A30894D00137678 /* SDWebImage */ = {
			isa = XCSwiftPackageProductDependency;
			package = 63E11FE72A30894D00137678 /* XCRemoteSwiftPackageReference "SDWebImage" */;
			productName = SDWebImage;
		};
		63E11FEB2A30897200137678 /* SnapKit */ = {
			isa = XCSwiftPackageProductDependency;
			package = 63E11FEA2A30897200137678 /* XCRemoteSwiftPackageReference "SnapKit" */;
			productName = SnapKit;
		};
		63E11FFD2A30A6AD00137678 /* Swinject */ = {
			isa = XCSwiftPackageProductDependency;
			package = 63E11FFC2A30A6AD00137678 /* XCRemoteSwiftPackageReference "Swinject" */;
			productName = Swinject;
		};
		63E120002A30A6F000137678 /* SwinjectAutoregistration */ = {
			isa = XCSwiftPackageProductDependency;
			package = 63E11FFF2A30A6F000137678 /* XCRemoteSwiftPackageReference "SwinjectAutoregistration" */;
			productName = SwinjectAutoregistration;
		};
/* End XCSwiftPackageProductDependency section */
	};
	rootObject = 63E11FAC2A3083AE00137678 /* Project object */;
}
